// !$*UTF8*$!
{
	archiveVersion = 1;
	classes = {
	};
	objectVersion = 77;
	objects = {

/* Begin PBXContainerItemProxy section */
		18E67F872E2BF9A500D76357 /* PBXContainerItemProxy */ = {
			isa = PBXContainerItemProxy;
			containerPortal = 18E67F682E2BF9A400D76357 /* Project object */;
			proxyType = 1;
			remoteGlobalIDString = 18E67F6F2E2BF9A400D76357;
			remoteInfo = Expense_Manager;
		};
		18E67F912E2BF9A500D76357 /* PBXContainerItemProxy */ = {
			isa = PBXContainerItemProxy;
			containerPortal = 18E67F682E2BF9A400D76357 /* Project object */;
			proxyType = 1;
			remoteGlobalIDString = 18E67F6F2E2BF9A400D76357;
			remoteInfo = Expense_Manager;
		};
/* End PBXContainerItemProxy section */

/* Begin PBXFileReference section */
		18E67F702E2BF9A400D76357 /* Expense_Manager.app */ = {isa = PBXFileReference; explicitFileType = wrapper.application; includeInIndex = 0; path = Expense_Manager.app; sourceTree = BUILT_PRODUCTS_DIR; };
		18E67F862E2BF9A500D76357 /* Expense_ManagerTests.xctest */ = {isa = PBXFileReference; explicitFileType = wrapper.cfbundle; includeInIndex = 0; path = Expense_ManagerTests.xctest; sourceTree = BUILT_PRODUCTS_DIR; };
		18E67F902E2BF9A500D76357 /* Expense_ManagerUITests.xctest */ = {isa = PBXFileReference; explicitFileType = wrapper.cfbundle; includeInIndex = 0; path = Expense_ManagerUITests.xctest; sourceTree = BUILT_PRODUCTS_DIR; };
/* End PBXFileReference section */

/* Begin PBXFileSystemSynchronizedBuildFileExceptionSet section */
		18E67F982E2BF9A500D76357 /* Exceptions for "Expense_Manager" folder in "Expense_Manager" target */ = {
			isa = PBXFileSystemSynchronizedBuildFileExceptionSet;
			membershipExceptions = (
				Info.plist,
			);
			target = 18E67F6F2E2BF9A400D76357 /* Expense_Manager */;
		};
/* End PBXFileSystemSynchronizedBuildFileExceptionSet section */

/* Begin PBXFileSystemSynchronizedRootGroup section */
		18E67F722E2BF9A400D76357 /* Expense_Manager */ = {
			isa = PBXFileSystemSynchronizedRootGroup;
			exceptions = (
				18E67F982E2BF9A500D76357 /* Exceptions for "Expense_Manager" folder in "Expense_Manager" target */,
			);
			path = Expense_Manager;
			sourceTree = "<group>";
		};
		18E67F892E2BF9A500D76357 /* Expense_ManagerTests */ = {
			isa = PBXFileSystemSynchronizedRootGroup;
			path = Expense_ManagerTests;
			sourceTree = "<group>";
		};
		18E67F932E2BF9A500D76357 /* Expense_ManagerUITests */ = {
			isa = PBXFileSystemSynchronizedRootGroup;
			path = Expense_ManagerUITests;
			sourceTree = "<group>";
		};
/* End PBXFileSystemSynchronizedRootGroup section */

/* Begin PBXFrameworksBuildPhase section */
		18E67F6D2E2BF9A400D76357 /* Frameworks */ = {
			isa = PBXFrameworksBuildPhase;
			buildActionMask = 2147483647;
			files = (
			);
			runOnlyForDeploymentPostprocessing = 0;
		};
		18E67F832E2BF9A500D76357 /* Frameworks */ = {
			isa = PBXFrameworksBuildPhase;
			buildActionMask = 2147483647;
			files = (
			);
			runOnlyForDeploymentPostprocessing = 0;
		};
		18E67F8D2E2BF9A500D76357 /* Frameworks */ = {
			isa = PBXFrameworksBuildPhase;
			buildActionMask = 2147483647;
			files = (
			);
			runOnlyForDeploymentPostprocessing = 0;
		};
/* End PBXFrameworksBuildPhase section */

/* Begin PBXGroup section */
		18E67F672E2BF9A400D76357 = {
			isa = PBXGroup;
			children = (
				18E67F722E2BF9A400D76357 /* Expense_Manager */,
				18E67F892E2BF9A500D76357 /* Expense_ManagerTests */,
				18E67F932E2BF9A500D76357 /* Expense_ManagerUITests */,
				18E67F712E2BF9A400D76357 /* Products */,
			);
			sourceTree = "<group>";
		};
		18E67F712E2BF9A400D76357 /* Products */ = {
			isa = PBXGroup;
			children = (
				18E67F702E2BF9A400D76357 /* Expense_Manager.app */,
				18E67F862E2BF9A500D76357 /* Expense_ManagerTests.xctest */,
				18E67F902E2BF9A500D76357 /* Expense_ManagerUITests.xctest */,
			);
			name = Products;
			sourceTree = "<group>";
		};
/* End PBXGroup section */

/* Begin PBXNativeTarget section */
		18E67F6F2E2BF9A400D76357 /* Expense_Manager */ = {
			isa = PBXNativeTarget;
			buildConfigurationList = 18E67F992E2BF9A500D76357 /* Build configuration list for PBXNativeTarget "Expense_Manager" */;
			buildPhases = (
				18E67F6C2E2BF9A400D76357 /* Sources */,
				18E67F6D2E2BF9A400D76357 /* Frameworks */,
				18E67F6E2E2BF9A400D76357 /* Resources */,
			);
			buildRules = (
			);
			dependencies = (
			);
			fileSystemSynchronizedGroups = (
				18E67F722E2BF9A400D76357 /* Expense_Manager */,
			);
			name = Expense_Manager;
			packageProductDependencies = (
			);
			productName = Expense_Manager;
			productReference = 18E67F702E2BF9A400D76357 /* Expense_Manager.app */;
			productType = "com.apple.product-type.application";
		};
		18E67F852E2BF9A500D76357 /* Expense_ManagerTests */ = {
			isa = PBXNativeTarget;
			buildConfigurationList = 18E67F9E2E2BF9A500D76357 /* Build configuration list for PBXNativeTarget "Expense_ManagerTests" */;
			buildPhases = (
				18E67F822E2BF9A500D76357 /* Sources */,
				18E67F832E2BF9A500D76357 /* Frameworks */,
				18E67F842E2BF9A500D76357 /* Resources */,
			);
			buildRules = (
			);
			dependencies = (
				18E67F882E2BF9A500D76357 /* PBXTargetDependency */,
			);
			fileSystemSynchronizedGroups = (
				18E67F892E2BF9A500D76357 /* Expense_ManagerTests */,
			);
			name = Expense_ManagerTests;
			packageProductDependencies = (
			);
			productName = Expense_ManagerTests;
			productReference = 18E67F862E2BF9A500D76357 /* Expense_ManagerTests.xctest */;
			productType = "com.apple.product-type.bundle.unit-test";
		};
		18E67F8F2E2BF9A500D76357 /* Expense_ManagerUITests */ = {
			isa = PBXNativeTarget;
			buildConfigurationList = 18E67FA12E2BF9A500D76357 /* Build configuration list for PBXNativeTarget "Expense_ManagerUITests" */;
			buildPhases = (
				18E67F8C2E2BF9A500D76357 /* Sources */,
				18E67F8D2E2BF9A500D76357 /* Frameworks */,
				18E67F8E2E2BF9A500D76357 /* Resources */,
			);
			buildRules = (
			);
			dependencies = (
				18E67F922E2BF9A500D76357 /* PBXTargetDependency */,
			);
			fileSystemSynchronizedGroups = (
				18E67F932E2BF9A500D76357 /* Expense_ManagerUITests */,
			);
			name = Expense_ManagerUITests;
			packageProductDependencies = (
			);
			productName = Expense_ManagerUITests;
			productReference = 18E67F902E2BF9A500D76357 /* Expense_ManagerUITests.xctest */;
			productType = "com.apple.product-type.bundle.ui-testing";
		};
/* End PBXNativeTarget section */

/* Begin PBXProject section */
		18E67F682E2BF9A400D76357 /* Project object */ = {
			isa = PBXProject;
			attributes = {
				BuildIndependentTargetsInParallel = 1;
				LastSwiftUpdateCheck = 1630;
				LastUpgradeCheck = 1630;
				TargetAttributes = {
					18E67F6F2E2BF9A400D76357 = {
						CreatedOnToolsVersion = 16.3;
					};
					18E67F852E2BF9A500D76357 = {
						CreatedOnToolsVersion = 16.3;
						TestTargetID = 18E67F6F2E2BF9A400D76357;
					};
					18E67F8F2E2BF9A500D76357 = {
						CreatedOnToolsVersion = 16.3;
						TestTargetID = 18E67F6F2E2BF9A400D76357;
					};
				};
			};
			buildConfigurationList = 18E67F6B2E2BF9A400D76357 /* Build configuration list for PBXProject "Expense_Manager" */;
			developmentRegion = en;
			hasScannedForEncodings = 0;
			knownRegions = (
				en,
				Base,
			);
			mainGroup = 18E67F672E2BF9A400D76357;
			minimizedProjectReferenceProxies = 1;
			preferredProjectObjectVersion = 77;
			productRefGroup = 18E67F712E2BF9A400D76357 /* Products */;
			projectDirPath = "";
			projectRoot = "";
			targets = (
				18E67F6F2E2BF9A400D76357 /* Expense_Manager */,
				18E67F852E2BF9A500D76357 /* Expense_ManagerTests */,
				18E67F8F2E2BF9A500D76357 /* Expense_ManagerUITests */,
			);
		};
/* End PBXProject section */

/* Begin PBXResourcesBuildPhase section */
		18E67F6E2E2BF9A400D76357 /* Resources */ = {
			isa = PBXResourcesBuildPhase;
			buildActionMask = 2147483647;
			files = (
			);
			runOnlyForDeploymentPostprocessing = 0;
		};
		18E67F842E2BF9A500D76357 /* Resources */ = {
			isa = PBXResourcesBuildPhase;
			buildActionMask = 2147483647;
			files = (
			);
			runOnlyForDeploymentPostprocessing = 0;
		};
		18E67F8E2E2BF9A500D76357 /* Resources */ = {
			isa = PBXResourcesBuildPhase;
			buildActionMask = 2147483647;
			files = (
			);
			runOnlyForDeploymentPostprocessing = 0;
		};
/* End PBXResourcesBuildPhase section */

/* Begin PBXSourcesBuildPhase section */
		18E67F6C2E2BF9A400D76357 /* Sources */ = {
			isa = PBXSourcesBuildPhase;
			buildActionMask = 2147483647;
			files = (
			);
			runOnlyForDeploymentPostprocessing = 0;
		};
		18E67F822E2BF9A500D76357 /* Sources */ = {
			isa = PBXSourcesBuildPhase;
			buildActionMask = 2147483647;
			files = (
			);
			runOnlyForDeploymentPostprocessing = 0;
		};
		18E67F8C2E2BF9A500D76357 /* Sources */ = {
			isa = PBXSourcesBuildPhase;
			buildActionMask = 2147483647;
			files = (
			);
			runOnlyForDeploymentPostprocessing = 0;
		};
/* End PBXSourcesBuildPhase section */

/* Begin PBXTargetDependency section */
		18E67F882E2BF9A500D76357 /* PBXTargetDependency */ = {
			isa = PBXTargetDependency;
			target = 18E67F6F2E2BF9A400D76357 /* Expense_Manager */;
			targetProxy = 18E67F872E2BF9A500D76357 /* PBXContainerItemProxy */;
		};
		18E67F922E2BF9A500D76357 /* PBXTargetDependency */ = {
			isa = PBXTargetDependency;
			target = 18E67F6F2E2BF9A400D76357 /* Expense_Manager */;
			targetProxy = 18E67F912E2BF9A500D76357 /* PBXContainerItemProxy */;
		};
/* End PBXTargetDependency section */

/* Begin XCBuildConfiguration section */
		18E67F9A2E2BF9A500D76357 /* Debug */ = {
			isa = XCBuildConfiguration;
			buildSettings = {
				ASSETCATALOG_COMPILER_APPICON_NAME = AppIcon;
				ASSETCATALOG_COMPILER_GLOBAL_ACCENT_COLOR_NAME = AccentColor;
				CODE_SIGN_STYLE = Automatic;
				CURRENT_PROJECT_VERSION = 1;
				GENERATE_INFOPLIST_FILE = YES;
				INFOPLIST_FILE = Expense_Manager/Info.plist;
				INFOPLIST_KEY_UIApplicationSupportsIndirectInputEvents = YES;
				INFOPLIST_KEY_UILaunchStoryboardName = LaunchScreen;
				INFOPLIST_KEY_UIMainStoryboardFile = Main;
				INFOPLIST_KEY_UISupportedInterfaceOrientations_iPad = "UIInterfaceOrientationPortrait UIInterfaceOrientationPortraitUpsideDown UIInterfaceOrientationLandscapeLeft UIInterfaceOrientationLandscapeRight";
				INFOPLIST_KEY_UISupportedInterfaceOrientations_iPhone = "UIInterfaceOrientationPortrait UIInterfaceOrientationLandscapeLeft UIInterfaceOrientationLandscapeRight";
				LD_RUNPATH_SEARCH_PATHS = (
					"$(inherited)",
					"@executable_path/Frameworks",
				);
				MARKETING_VERSION = 1.0;
				PRODUCT_BUNDLE_IDENTIFIER = "Angel.Expense-Manager";
				PRODUCT_NAME = "$(TARGET_NAME)";
				SWIFT_EMIT_LOC_STRINGS = YES;
				SWIFT_VERSION = 5.0;
				TARGETED_DEVICE_FAMILY = "1,2";
			};
			name = Debug;
		};
		18E67F9B2E2BF9A500D76357 /* Release */ = {
			isa = XCBuildConfiguration;
			buildSettings = {
				ASSETCATALOG_COMPILER_APPICON_NAME = AppIcon;
				ASSETCATALOG_COMPILER_GLOBAL_ACCENT_COLOR_NAME = AccentColor;
				CODE_SIGN_STYLE = Automatic;
				CURRENT_PROJECT_VERSION = 1;
				GENERATE_INFOPLIST_FILE = YES;
				INFOPLIST_FILE = Expense_Manager/Info.plist;
				INFOPLIST_KEY_UIApplicationSupportsIndirectInputEvents = YES;
				INFOPLIST_KEY_UILaunchStoryboardName = LaunchScreen;
				INFOPLIST_KEY_UIMainStoryboardFile = Main;
				INFOPLIST_KEY_UISupportedInterfaceOrientations_iPad = "UIInterfaceOrientationPortrait UIInterfaceOrientationPortraitUpsideDown UIInterfaceOrientationLandscapeLeft UIInterfaceOrientationLandscapeRight";
				INFOPLIST_KEY_UISupportedInterfaceOrientations_iPhone = "UIInterfaceOrientationPortrait UIInterfaceOrientationLandscapeLeft UIInterfaceOrientationLandscapeRight";
				LD_RUNPATH_SEARCH_PATHS = (
					"$(inherited)",
					"@executable_path/Frameworks",
				);
				MARKETING_VERSION = 1.0;
				PRODUCT_BUNDLE_IDENTIFIER = "Angel.Expense-Manager";
				PRODUCT_NAME = "$(TARGET_NAME)";
				SWIFT_EMIT_LOC_STRINGS = YES;
				SWIFT_VERSION = 5.0;
				TARGETED_DEVICE_FAMILY = "1,2";
			};
			name = Release;
		};
		18E67F9C2E2BF9A500D76357 /* Debug */ = {
			isa = XCBuildConfiguration;
			buildSettings = {
				ALWAYS_SEARCH_USER_PATHS = NO;
				ASSETCATALOG_COMPILER_GENERATE_SWIFT_ASSET_SYMBOL_EXTENSIONS = YES;
				CLANG_ANALYZER_NONNULL = YES;
				CLANG_ANALYZER_NUMBER_OBJECT_CONVERSION = YES_AGGRESSIVE;
				CLANG_CXX_LANGUAGE_STANDARD = "gnu++20";
				CLANG_ENABLE_MODULES = YES;
				CLANG_ENABLE_OBJC_ARC = YES;
				CLANG_ENABLE_OBJC_WEAK = YES;
				CLANG_WARN_BLOCK_CAPTURE_AUTORELEASING = YES;
				CLANG_WARN_BOOL_CONVERSION = YES;
				CLANG_WARN_COMMA = YES;
				CLANG_WARN_CONSTANT_CONVERSION = YES;
				CLANG_WARN_DEPRECATED_OBJC_IMPLEMENTATIONS = YES;
				CLANG_WARN_DIRECT_OBJC_ISA_USAGE = YES_ERROR;
				CLANG_WARN_DOCUMENTATION_COMMENTS = YES;
				CLANG_WARN_EMPTY_BODY = YES;
				CLANG_WARN_ENUM_CONVERSION = YES;
				CLANG_WARN_INFINITE_RECURSION = YES;
				CLANG_WARN_INT_CONVERSION = YES;
				CLANG_WARN_NON_LITERAL_NULL_CONVERSION = YES;
				CLANG_WARN_OBJC_IMPLICIT_RETAIN_SELF = YES;
				CLANG_WARN_OBJC_LITERAL_CONVERSION = YES;
				CLANG_WARN_OBJC_ROOT_CLASS = YES_ERROR;
				CLANG_WARN_QUOTED_INCLUDE_IN_FRAMEWORK_HEADER = YES;
				CLANG_WARN_RANGE_LOOP_ANALYSIS = YES;
				CLANG_WARN_STRICT_PROTOTYPES = YES;
				CLANG_WARN_SUSPICIOUS_MOVE = YES;
				CLANG_WARN_UNGUARDED_AVAILABILITY = YES_AGGRESSIVE;
				CLANG_WARN_UNREACHABLE_CODE = YES;
				CLANG_WARN__DUPLICATE_METHOD_MATCH = YES;
				COPY_PHASE_STRIP = NO;
				DEBUG_INFORMATION_FORMAT = dwarf;
				ENABLE_STRICT_OBJC_MSGSEND = YES;
				ENABLE_TESTABILITY = YES;
				ENABLE_USER_SCRIPT_SANDBOXING = YES;
				GCC_C_LANGUAGE_STANDARD = gnu17;
				GCC_DYNAMIC_NO_PIC = NO;
				GCC_NO_COMMON_BLOCKS = YES;
				GCC_OPTIMIZATION_LEVEL = 0;
				GCC_PREPROCESSOR_DEFINITIONS = (
					"DEBUG=1",
					"$(inherited)",
				);
				GCC_WARN_64_TO_32_BIT_CONVERSION = YES;
				GCC_WARN_ABOUT_RETURN_TYPE = YES_ERROR;
				GCC_WARN_UNDECLARED_SELECTOR = YES;
				GCC_WARN_UNINITIALIZED_AUTOS = YES_AGGRESSIVE;
				GCC_WARN_UNUSED_FUNCTION = YES;
				GCC_WARN_UNUSED_VARIABLE = YES;
				IPHONEOS_DEPLOYMENT_TARGET = 18.4;
				LOCALIZATION_PREFERS_STRING_CATALOGS = YES;
				MTL_ENABLE_DEBUG_INFO = INCLUDE_SOURCE;
				MTL_FAST_MATH = YES;
				ONLY_ACTIVE_ARCH = YES;
				SDKROOT = iphoneos;
				SWIFT_ACTIVE_COMPILATION_CONDITIONS = "DEBUG $(inherited)";
				SWIFT_OPTIMIZATION_LEVEL = "-Onone";
			};
			name = Debug;
		};
		18E67F9D2E2BF9A500D76357 /* Release */ = {
			isa = XCBuildConfiguration;
			buildSettings = {
				ALWAYS_SEARCH_USER_PATHS = NO;
				ASSETCATALOG_COMPILER_GENERATE_SWIFT_ASSET_SYMBOL_EXTENSIONS = YES;
				CLANG_ANALYZER_NONNULL = YES;
				CLANG_ANALYZER_NUMBER_OBJECT_CONVERSION = YES_AGGRESSIVE;
				CLANG_CXX_LANGUAGE_STANDARD = "gnu++20";
				CLANG_ENABLE_MODULES = YES;
				CLANG_ENABLE_OBJC_ARC = YES;
				CLANG_ENABLE_OBJC_WEAK = YES;
				CLANG_WARN_BLOCK_CAPTURE_AUTORELEASING = YES;
				CLANG_WARN_BOOL_CONVERSION = YES;
				CLANG_WARN_COMMA = YES;
				CLANG_WARN_CONSTANT_CONVERSION = YES;
				CLANG_WARN_DEPRECATED_OBJC_IMPLEMENTATIONS = YES;
				CLANG_WARN_DIRECT_OBJC_ISA_USAGE = YES_ERROR;
				CLANG_WARN_DOCUMENTATION_COMMENTS = YES;
				CLANG_WARN_EMPTY_BODY = YES;
				CLANG_WARN_ENUM_CONVERSION = YES;
				CLANG_WARN_INFINITE_RECURSION = YES;
				CLANG_WARN_INT_CONVERSION = YES;
				CLANG_WARN_NON_LITERAL_NULL_CONVERSION = YES;
				CLANG_WARN_OBJC_IMPLICIT_RETAIN_SELF = YES;
				CLANG_WARN_OBJC_LITERAL_CONVERSION = YES;
				CLANG_WARN_OBJC_ROOT_CLASS = YES_ERROR;
				CLANG_WARN_QUOTED_INCLUDE_IN_FRAMEWORK_HEADER = YES;
				CLANG_WARN_RANGE_LOOP_ANALYSIS = YES;
				CLANG_WARN_STRICT_PROTOTYPES = YES;
				CLANG_WARN_SUSPICIOUS_MOVE = YES;
				CLANG_WARN_UNGUARDED_AVAILABILITY = YES_AGGRESSIVE;
				CLANG_WARN_UNREACHABLE_CODE = YES;
				CLANG_WARN__DUPLICATE_METHOD_MATCH = YES;
				COPY_PHASE_STRIP = NO;
				DEBUG_INFORMATION_FORMAT = "dwarf-with-dsym";
				ENABLE_NS_ASSERTIONS = NO;
				ENABLE_STRICT_OBJC_MSGSEND = YES;
				ENABLE_USER_SCRIPT_SANDBOXING = YES;
				GCC_C_LANGUAGE_STANDARD = gnu17;
				GCC_NO_COMMON_BLOCKS = YES;
				GCC_WARN_64_TO_32_BIT_CONVERSION = YES;
				GCC_WARN_ABOUT_RETURN_TYPE = YES_ERROR;
				GCC_WARN_UNDECLARED_SELECTOR = YES;
				GCC_WARN_UNINITIALIZED_AUTOS = YES_AGGRESSIVE;
				GCC_WARN_UNUSED_FUNCTION = YES;
				GCC_WARN_UNUSED_VARIABLE = YES;
				IPHONEOS_DEPLOYMENT_TARGET = 18.4;
				LOCALIZATION_PREFERS_STRING_CATALOGS = YES;
				MTL_ENABLE_DEBUG_INFO = NO;
				MTL_FAST_MATH = YES;
				SDKROOT = iphoneos;
				SWIFT_COMPILATION_MODE = wholemodule;
				VALIDATE_PRODUCT = YES;
			};
			name = Release;
		};
		18E67F9F2E2BF9A500D76357 /* Debug */ = {
			isa = XCBuildConfiguration;
			buildSettings = {
				BUNDLE_LOADER = "$(TEST_HOST)";
				CODE_SIGN_STYLE = Automatic;
				CURRENT_PROJECT_VERSION = 1;
				GENERATE_INFOPLIST_FILE = YES;
				IPHONEOS_DEPLOYMENT_TARGET = 18.4;
				MARKETING_VERSION = 1.0;
				PRODUCT_BUNDLE_IDENTIFIER = "Angel.Expense-ManagerTests";
				PRODUCT_NAME = "$(TARGET_NAME)";
				SWIFT_EMIT_LOC_STRINGS = NO;
				SWIFT_VERSION = 5.0;
				TARGETED_DEVICE_FAMILY = "1,2";
				TEST_HOST = "$(BUILT_PRODUCTS_DIR)/Expense_Manager.app/$(BUNDLE_EXECUTABLE_FOLDER_PATH)/Expense_Manager";
			};
			name = Debug;
		};
		18E67FA02E2BF9A500D76357 /* Release */ = {
			isa = XCBuildConfiguration;
			buildSettings = {
				BUNDLE_LOADER = "$(TEST_HOST)";
				CODE_SIGN_STYLE = Automatic;
				CURRENT_PROJECT_VERSION = 1;
				GENERATE_INFOPLIST_FILE = YES;
				IPHONEOS_DEPLOYMENT_TARGET = 18.4;
				MARKETING_VERSION = 1.0;
				PRODUCT_BUNDLE_IDENTIFIER = "Angel.Expense-ManagerTests";
				PRODUCT_NAME = "$(TARGET_NAME)";
				SWIFT_EMIT_LOC_STRINGS = NO;
				SWIFT_VERSION = 5.0;
				TARGETED_DEVICE_FAMILY = "1,2";
				TEST_HOST = "$(BUILT_PRODUCTS_DIR)/Expense_Manager.app/$(BUNDLE_EXECUTABLE_FOLDER_PATH)/Expense_Manager";
			};
			name = Release;
		};
		18E67FA22E2BF9A500D76357 /* Debug */ = {
			isa = XCBuildConfiguration;
			buildSettings = {
				CODE_SIGN_STYLE = Automatic;
				CURRENT_PROJECT_VERSION = 1;
				GENERATE_INFOPLIST_FILE = YES;
				MARKETING_VERSION = 1.0;
				PRODUCT_BUNDLE_IDENTIFIER = "Angel.Expense-ManagerUITests";
				PRODUCT_NAME = "$(TARGET_NAME)";
				SWIFT_EMIT_LOC_STRINGS = NO;
				SWIFT_VERSION = 5.0;
				TARGETED_DEVICE_FAMILY = "1,2";
				TEST_TARGET_NAME = Expense_Manager;
			};
			name = Debug;
		};
		18E67FA32E2BF9A500D76357 /* Release */ = {
			isa = XCBuildConfiguration;
			buildSettings = {
				CODE_SIGN_STYLE = Automatic;
				CURRENT_PROJECT_VERSION = 1;
				GENERATE_INFOPLIST_FILE = YES;
				MARKETING_VERSION = 1.0;
				PRODUCT_BUNDLE_IDENTIFIER = "Angel.Expense-ManagerUITests";
				PRODUCT_NAME = "$(TARGET_NAME)";
				SWIFT_EMIT_LOC_STRINGS = NO;
				SWIFT_VERSION = 5.0;
				TARGETED_DEVICE_FAMILY = "1,2";
				TEST_TARGET_NAME = Expense_Manager;
			};
			name = Release;
		};
/* End XCBuildConfiguration section */

/* Begin XCConfigurationList section */
		18E67F6B2E2BF9A400D76357 /* Build configuration list for PBXProject "Expense_Manager" */ = {
			isa = XCConfigurationList;
			buildConfigurations = (
				18E67F9C2E2BF9A500D76357 /* Debug */,
				18E67F9D2E2BF9A500D76357 /* Release */,
			);
			defaultConfigurationIsVisible = 0;
			defaultConfigurationName = Release;
		};
		18E67F992E2BF9A500D76357 /* Build configuration list for PBXNativeTarget "Expense_Manager" */ = {
			isa = XCConfigurationList;
			buildConfigurations = (
				18E67F9A2E2BF9A500D76357 /* Debug */,
				18E67F9B2E2BF9A500D76357 /* Release */,
			);
			defaultConfigurationIsVisible = 0;
			defaultConfigurationName = Release;
		};
		18E67F9E2E2BF9A500D76357 /* Build configuration list for PBXNativeTarget "Expense_ManagerTests" */ = {
			isa = XCConfigurationList;
			buildConfigurations = (
				18E67F9F2E2BF9A500D76357 /* Debug */,
				18E67FA02E2BF9A500D76357 /* Release */,
			);
			defaultConfigurationIsVisible = 0;
			defaultConfigurationName = Release;
		};
		18E67FA12E2BF9A500D76357 /* Build configuration list for PBXNativeTarget "Expense_ManagerUITests" */ = {
			isa = XCConfigurationList;
			buildConfigurations = (
				18E67FA22E2BF9A500D76357 /* Debug */,
				18E67FA32E2BF9A500D76357 /* Release */,
			);
			defaultConfigurationIsVisible = 0;
			defaultConfigurationName = Release;
		};
/* End XCConfigurationList section */
	};
	rootObject = 18E67F682E2BF9A400D76357 /* Project object */;
}
